
Microsoft Visual Studio Solution File, Format Version 12.00
# Visual Studio 2012
Project("{FAE04EC0-301F-11D3-BF4B-00C04F79EFBC}") = "CarRental.Business.Entities", "CarRental.Business.Entities\CarRental.Business.Entities.csproj", "{9E12553B-D554-4EED-B29C-716632A52CAF}"
EndProject
Project("{FAE04EC0-301F-11D3-BF4B-00C04F79EFBC}") = "CarRental.Client.Entities", "CarRental.Client.Entities\CarRental.Client.Entities.csproj", "{038BDB90-C6B2-4D6F-B0B9-820E49C17067}"
EndProject
Project("{FAE04EC0-301F-11D3-BF4B-00C04F79EFBC}") = "Core.Common.Contracts", "Core.Common.Contracts\Core.Common.Contracts.csproj", "{5F9B5530-F150-4BF0-9D07-0AD8A4C6EF7D}"
EndProject
Project("{FAE04EC0-301F-11D3-BF4B-00C04F79EFBC}") = "Core.Common", "Core.Common\Core.Common.csproj", "{F6BCFF98-A714-4B7B-978F-23D812D1744A}"
EndProject
Project("{2150E333-8FDC-42A3-9474-1A3956D46DE8}") = "Core", "Core", "{97AF3435-5375-44D5-84C6-3C0F5C0CEA6C}"
EndProject
Project("{2150E333-8FDC-42A3-9474-1A3956D46DE8}") = "Business", "Business", "{15E8072A-FAF5-4BF3-9E89-E8B0232C5EB5}"
EndProject
Project("{2150E333-8FDC-42A3-9474-1A3956D46DE8}") = "Client", "Client", "{367F3755-7DE5-4A6A-B91C-D5AB0DA3F277}"
EndProject
Project("{FAE04EC0-301F-11D3-BF4B-00C04F79EFBC}") = "Core.Common.Tests", "Core.Common.Tests\Core.Common.Tests.csproj", "{3492A5CB-8CB5-46FF-B307-FB6B85D594B1}"
EndProject
Project("{2150E333-8FDC-42A3-9474-1A3956D46DE8}") = "Tests", "Tests", "{6664C7F5-CB08-4188-B87F-467302D0E5FD}"
EndProject
Project("{FAE04EC0-301F-11D3-BF4B-00C04F79EFBC}") = "CarRental.Data.Contracts", "CarRental.Data.Contracts\CarRental.Data.Contracts.csproj", "{F938D48C-FDF4-4B16-87A9-60D8FCEBCE72}"
EndProject
Project("{FAE04EC0-301F-11D3-BF4B-00C04F79EFBC}") = "CarRental.Data", "CarRental.Data\CarRental.Data.csproj", "{10020C50-0F7D-4EB5-B894-102E53FC61CE}"
EndProject
Project("{2150E333-8FDC-42A3-9474-1A3956D46DE8}") = "Resource Access", "Resource Access", "{0F317BD8-7E96-437D-8F26-971BBEAFFE4C}"
EndProject
Project("{FAE04EC0-301F-11D3-BF4B-00C04F79EFBC}") = "CarRental.Data.Tests", "CarRental.Data.Tests\CarRental.Data.Tests.csproj", "{618C60FF-6322-471B-AED4-E4CBA3C3B216}"
EndProject
Project("{FAE04EC0-301F-11D3-BF4B-00C04F79EFBC}") = "CarRental.Business.Bootstrapper", "CarRental.Business.Bootstrapper\CarRental.Business.Bootstrapper.csproj", "{9D1687B7-ACCB-48BA-9662-ED1095FBEE84}"
EndProject
Project("{FAE04EC0-301F-11D3-BF4B-00C04F79EFBC}") = "CarRental.Business.Common", "CarRental.Business.Common\CarRental.Business.Common.csproj", "{FA146BF5-979A-4D43-905F-C36050A8B3A2}"
EndProject
Project("{FAE04EC0-301F-11D3-BF4B-00C04F79EFBC}") = "CarRental.Business", "CarRental.Business\CarRental.Business.csproj", "{8094A7AF-34D5-4C49-BB03-8B98F796C861}"
EndProject
Project("{FAE04EC0-301F-11D3-BF4B-00C04F79EFBC}") = "CarRental.Business.Contracts", "CarRental.Business.Contracts\CarRental.Business.Contracts.csproj", "{0533F605-E855-48B2-B428-C3872CB0D4AA}"
EndProject
Project("{FAE04EC0-301F-11D3-BF4B-00C04F79EFBC}") = "CarRental.Business.Managers", "CarRental.Business.Managers\CarRental.Business.Managers.csproj", "{42D1E973-63DF-4987-B7A3-055C5D749728}"
EndProject
Project("{FAE04EC0-301F-11D3-BF4B-00C04F79EFBC}") = "CarRental.Business.Tests", "CarRental.Business.Tests\CarRental.Business.Tests.csproj", "{66969B4B-9212-4E91-8C3A-FF07C8C7AF58}"
EndProject
Project("{FAE04EC0-301F-11D3-BF4B-00C04F79EFBC}") = "CarRental.Business.Managers.Tests", "CarRental.Business.Managers.Tests\CarRental.Business.Managers.Tests.csproj", "{280046D5-06A2-4DEA-90E3-9201BA7BC021}"
EndProject
Project("{FAE04EC0-301F-11D3-BF4B-00C04F79EFBC}") = "Core.Common.ServiceModel", "Core.Common.ServiceModel\Core.Common.ServiceModel.csproj", "{73FBE0BF-9DB9-498E-8AEF-68210104D0C1}"
EndProject
Project("{2150E333-8FDC-42A3-9474-1A3956D46DE8}") = "Common", "Common", "{3A387EE4-955B-4D60-B8BD-A5CCE15D1725}"
EndProject
Project("{FAE04EC0-301F-11D3-BF4B-00C04F79EFBC}") = "CarRental.Common.Contracts", "CarRental.Common.Contracts\CarRental.Common.Contracts.csproj", "{EF9ADBDE-08CD-48AA-A835-4935CDB26C27}"
EndProject
Project("{FAE04EC0-301F-11D3-BF4B-00C04F79EFBC}") = "CarRental.Common", "CarRental.Common\CarRental.Common.csproj", "{B3E73806-D11B-4C40-8ED9-A326A2B7E507}"
EndProject
Project("{2150E333-8FDC-42A3-9474-1A3956D46DE8}") = "Hosting", "Hosting", "{4B57E0C4-039A-49C4-9DDE-FDAEEBD56C06}"
EndProject
Project("{FAE04EC0-301F-11D3-BF4B-00C04F79EFBC}") = "CarRental.ServiceHost.Console", "CarRental.ServiceHost.Console\CarRental.ServiceHost.Console.csproj", "{1B6CEFAA-9B84-4838-8F5E-9733F1B5A260}"
EndProject
Project("{FAE04EC0-301F-11D3-BF4B-00C04F79EFBC}") = "CarRental.ServiceHost.Tests", "CarRental.ServiceHost.Tests\CarRental.ServiceHost.Tests.csproj", "{03733757-9077-4F83-8941-F145C95123D7}"
EndProject
Project("{FAE04EC0-301F-11D3-BF4B-00C04F79EFBC}") = "CarRental.Client.Contracts", "CarRental.Client.Contracts\CarRental.Client.Contracts.csproj", "{FB31E6AC-E4EB-4B06-A860-99F4B8102A08}"
EndProject
Project("{FAE04EC0-301F-11D3-BF4B-00C04F79EFBC}") = "CarRental.Client.Proxies", "CarRental.Client.Proxies\CarRental.Client.Proxies.csproj", "{99995783-EB5E-48CC-AA60-255905C8BD6A}"
EndProject
Project("{FAE04EC0-301F-11D3-BF4B-00C04F79EFBC}") = "CarRental.Client.Bootstrapper", "CarRental.Client.Bootstrapper\CarRental.Client.Bootstrapper.csproj", "{42F37CC3-3C28-493B-9517-83EF00C8C5F2}"
EndProject
Project("{FAE04EC0-301F-11D3-BF4B-00C04F79EFBC}") = "CarRental.Client.Proxies.Tests", "CarRental.Client.Proxies.Tests\CarRental.Client.Proxies.Tests.csproj", "{08614490-769B-4703-B2E9-641EB5D1FFF4}"
EndProject
Project("{FAE04EC0-301F-11D3-BF4B-00C04F79EFBC}") = "CarRental.Web", "CarRental.Web\CarRental.Web.csproj", "{1F2BDF93-8978-47EF-A217-6086C34FCA02}"
EndProject
Project("{FAE04EC0-301F-11D3-BF4B-00C04F79EFBC}") = "CarRental.Web.Tests", "CarRental.Web.Tests\CarRental.Web.Tests.csproj", "{064FB9CE-683B-4BDB-AB85-CE7B9B55EFAE}"
EndProject
Project("{FAE04EC0-301F-11D3-BF4B-00C04F79EFBC}") = "Core.Common.UI", "Core.Common.UI\Core.Common.UI.csproj", "{5DF27A6C-2466-4BAA-B379-90D3D60AD5BA}"
EndProject
Project("{FAE04EC0-301F-11D3-BF4B-00C04F79EFBC}") = "Core.Common.UI.Tests", "Core.Common.UI.Tests\Core.Common.UI.Tests.csproj", "{E2D4AE9F-521D-4D6D-8C95-FDA6C1CACB40}"
EndProject
Project("{FAE04EC0-301F-11D3-BF4B-00C04F79EFBC}") = "CarRental.Admin", "CarRental.Admin\CarRental.Admin.csproj", "{B613FE76-E57D-4C45-874C-23F3FCAD23A4}"
EndProject
Project("{FAE04EC0-301F-11D3-BF4B-00C04F79EFBC}") = "CarRental.Admin.Tests", "CarRental.Admin.Tests\CarRental.Admin.Tests.csproj", "{FAF28808-698C-481D-82E6-F38F7E8810E0}"
EndProject
Project("{2150E333-8FDC-42A3-9474-1A3956D46DE8}") = ".nuget", ".nuget", "{25F08561-7019-4E50-B156-8112909D0315}"
	ProjectSection(SolutionItems) = preProject
		.nuget\NuGet.Config = .nuget\NuGet.Config
		.nuget\NuGet.exe = .nuget\NuGet.exe
		.nuget\NuGet.targets = .nuget\NuGet.targets
	EndProjectSection
EndProject
Global
	GlobalSection(SolutionConfigurationPlatforms) = preSolution
		Debug|Any CPU = Debug|Any CPU
		Release|Any CPU = Release|Any CPU
	EndGlobalSection
	GlobalSection(ProjectConfigurationPlatforms) = postSolution
		{9E12553B-D554-4EED-B29C-716632A52CAF}.Debug|Any CPU.ActiveCfg = Debug|Any CPU
		{9E12553B-D554-4EED-B29C-716632A52CAF}.Debug|Any CPU.Build.0 = Debug|Any CPU
		{9E12553B-D554-4EED-B29C-716632A52CAF}.Release|Any CPU.ActiveCfg = Release|Any CPU
		{9E12553B-D554-4EED-B29C-716632A52CAF}.Release|Any CPU.Build.0 = Release|Any CPU
		{038BDB90-C6B2-4D6F-B0B9-820E49C17067}.Debug|Any CPU.ActiveCfg = Debug|Any CPU
		{038BDB90-C6B2-4D6F-B0B9-820E49C17067}.Debug|Any CPU.Build.0 = Debug|Any CPU
		{038BDB90-C6B2-4D6F-B0B9-820E49C17067}.Release|Any CPU.ActiveCfg = Release|Any CPU
		{038BDB90-C6B2-4D6F-B0B9-820E49C17067}.Release|Any CPU.Build.0 = Release|Any CPU
		{5F9B5530-F150-4BF0-9D07-0AD8A4C6EF7D}.Debug|Any CPU.ActiveCfg = Debug|Any CPU
		{5F9B5530-F150-4BF0-9D07-0AD8A4C6EF7D}.Debug|Any CPU.Build.0 = Debug|Any CPU
		{5F9B5530-F150-4BF0-9D07-0AD8A4C6EF7D}.Release|Any CPU.ActiveCfg = Release|Any CPU
		{5F9B5530-F150-4BF0-9D07-0AD8A4C6EF7D}.Release|Any CPU.Build.0 = Release|Any CPU
		{F6BCFF98-A714-4B7B-978F-23D812D1744A}.Debug|Any CPU.ActiveCfg = Debug|Any CPU
		{F6BCFF98-A714-4B7B-978F-23D812D1744A}.Debug|Any CPU.Build.0 = Debug|Any CPU
		{F6BCFF98-A714-4B7B-978F-23D812D1744A}.Release|Any CPU.ActiveCfg = Release|Any CPU
		{F6BCFF98-A714-4B7B-978F-23D812D1744A}.Release|Any CPU.Build.0 = Release|Any CPU
		{3492A5CB-8CB5-46FF-B307-FB6B85D594B1}.Debug|Any CPU.ActiveCfg = Debug|Any CPU
		{3492A5CB-8CB5-46FF-B307-FB6B85D594B1}.Debug|Any CPU.Build.0 = Debug|Any CPU
		{3492A5CB-8CB5-46FF-B307-FB6B85D594B1}.Release|Any CPU.ActiveCfg = Release|Any CPU
		{3492A5CB-8CB5-46FF-B307-FB6B85D594B1}.Release|Any CPU.Build.0 = Release|Any CPU
		{F938D48C-FDF4-4B16-87A9-60D8FCEBCE72}.Debug|Any CPU.ActiveCfg = Debug|Any CPU
		{F938D48C-FDF4-4B16-87A9-60D8FCEBCE72}.Debug|Any CPU.Build.0 = Debug|Any CPU
		{F938D48C-FDF4-4B16-87A9-60D8FCEBCE72}.Release|Any CPU.ActiveCfg = Release|Any CPU
		{F938D48C-FDF4-4B16-87A9-60D8FCEBCE72}.Release|Any CPU.Build.0 = Release|Any CPU
		{10020C50-0F7D-4EB5-B894-102E53FC61CE}.Debug|Any CPU.ActiveCfg = Debug|Any CPU
		{10020C50-0F7D-4EB5-B894-102E53FC61CE}.Debug|Any CPU.Build.0 = Debug|Any CPU
		{10020C50-0F7D-4EB5-B894-102E53FC61CE}.Release|Any CPU.ActiveCfg = Release|Any CPU
		{10020C50-0F7D-4EB5-B894-102E53FC61CE}.Release|Any CPU.Build.0 = Release|Any CPU
		{618C60FF-6322-471B-AED4-E4CBA3C3B216}.Debug|Any CPU.ActiveCfg = Debug|Any CPU
		{618C60FF-6322-471B-AED4-E4CBA3C3B216}.Debug|Any CPU.Build.0 = Debug|Any CPU
		{618C60FF-6322-471B-AED4-E4CBA3C3B216}.Release|Any CPU.ActiveCfg = Release|Any CPU
		{618C60FF-6322-471B-AED4-E4CBA3C3B216}.Release|Any CPU.Build.0 = Release|Any CPU
		{9D1687B7-ACCB-48BA-9662-ED1095FBEE84}.Debug|Any CPU.ActiveCfg = Debug|Any CPU
		{9D1687B7-ACCB-48BA-9662-ED1095FBEE84}.Debug|Any CPU.Build.0 = Debug|Any CPU
		{9D1687B7-ACCB-48BA-9662-ED1095FBEE84}.Release|Any CPU.ActiveCfg = Release|Any CPU
		{9D1687B7-ACCB-48BA-9662-ED1095FBEE84}.Release|Any CPU.Build.0 = Release|Any CPU
		{FA146BF5-979A-4D43-905F-C36050A8B3A2}.Debug|Any CPU.ActiveCfg = Debug|Any CPU
		{FA146BF5-979A-4D43-905F-C36050A8B3A2}.Debug|Any CPU.Build.0 = Debug|Any CPU
		{FA146BF5-979A-4D43-905F-C36050A8B3A2}.Release|Any CPU.ActiveCfg = Release|Any CPU
		{FA146BF5-979A-4D43-905F-C36050A8B3A2}.Release|Any CPU.Build.0 = Release|Any CPU
		{8094A7AF-34D5-4C49-BB03-8B98F796C861}.Debug|Any CPU.ActiveCfg = Debug|Any CPU
		{8094A7AF-34D5-4C49-BB03-8B98F796C861}.Debug|Any CPU.Build.0 = Debug|Any CPU
		{8094A7AF-34D5-4C49-BB03-8B98F796C861}.Release|Any CPU.ActiveCfg = Release|Any CPU
		{8094A7AF-34D5-4C49-BB03-8B98F796C861}.Release|Any CPU.Build.0 = Release|Any CPU
		{0533F605-E855-48B2-B428-C3872CB0D4AA}.Debug|Any CPU.ActiveCfg = Debug|Any CPU
		{0533F605-E855-48B2-B428-C3872CB0D4AA}.Debug|Any CPU.Build.0 = Debug|Any CPU
		{0533F605-E855-48B2-B428-C3872CB0D4AA}.Release|Any CPU.ActiveCfg = Release|Any CPU
		{0533F605-E855-48B2-B428-C3872CB0D4AA}.Release|Any CPU.Build.0 = Release|Any CPU
		{42D1E973-63DF-4987-B7A3-055C5D749728}.Debug|Any CPU.ActiveCfg = Debug|Any CPU
		{42D1E973-63DF-4987-B7A3-055C5D749728}.Debug|Any CPU.Build.0 = Debug|Any CPU
		{42D1E973-63DF-4987-B7A3-055C5D749728}.Release|Any CPU.ActiveCfg = Release|Any CPU
		{42D1E973-63DF-4987-B7A3-055C5D749728}.Release|Any CPU.Build.0 = Release|Any CPU
		{66969B4B-9212-4E91-8C3A-FF07C8C7AF58}.Debug|Any CPU.ActiveCfg = Debug|Any CPU
		{66969B4B-9212-4E91-8C3A-FF07C8C7AF58}.Debug|Any CPU.Build.0 = Debug|Any CPU
		{66969B4B-9212-4E91-8C3A-FF07C8C7AF58}.Release|Any CPU.ActiveCfg = Release|Any CPU
		{66969B4B-9212-4E91-8C3A-FF07C8C7AF58}.Release|Any CPU.Build.0 = Release|Any CPU
		{280046D5-06A2-4DEA-90E3-9201BA7BC021}.Debug|Any CPU.ActiveCfg = Debug|Any CPU
		{280046D5-06A2-4DEA-90E3-9201BA7BC021}.Debug|Any CPU.Build.0 = Debug|Any CPU
		{280046D5-06A2-4DEA-90E3-9201BA7BC021}.Release|Any CPU.ActiveCfg = Release|Any CPU
		{280046D5-06A2-4DEA-90E3-9201BA7BC021}.Release|Any CPU.Build.0 = Release|Any CPU
		{73FBE0BF-9DB9-498E-8AEF-68210104D0C1}.Debug|Any CPU.ActiveCfg = Debug|Any CPU
		{73FBE0BF-9DB9-498E-8AEF-68210104D0C1}.Debug|Any CPU.Build.0 = Debug|Any CPU
		{73FBE0BF-9DB9-498E-8AEF-68210104D0C1}.Release|Any CPU.ActiveCfg = Release|Any CPU
		{73FBE0BF-9DB9-498E-8AEF-68210104D0C1}.Release|Any CPU.Build.0 = Release|Any CPU
		{EF9ADBDE-08CD-48AA-A835-4935CDB26C27}.Debug|Any CPU.ActiveCfg = Debug|Any CPU
		{EF9ADBDE-08CD-48AA-A835-4935CDB26C27}.Debug|Any CPU.Build.0 = Debug|Any CPU
		{EF9ADBDE-08CD-48AA-A835-4935CDB26C27}.Release|Any CPU.ActiveCfg = Release|Any CPU
		{EF9ADBDE-08CD-48AA-A835-4935CDB26C27}.Release|Any CPU.Build.0 = Release|Any CPU
		{B3E73806-D11B-4C40-8ED9-A326A2B7E507}.Debug|Any CPU.ActiveCfg = Debug|Any CPU
		{B3E73806-D11B-4C40-8ED9-A326A2B7E507}.Debug|Any CPU.Build.0 = Debug|Any CPU
		{B3E73806-D11B-4C40-8ED9-A326A2B7E507}.Release|Any CPU.ActiveCfg = Release|Any CPU
		{B3E73806-D11B-4C40-8ED9-A326A2B7E507}.Release|Any CPU.Build.0 = Release|Any CPU
		{1B6CEFAA-9B84-4838-8F5E-9733F1B5A260}.Debug|Any CPU.ActiveCfg = Debug|Any CPU
		{1B6CEFAA-9B84-4838-8F5E-9733F1B5A260}.Debug|Any CPU.Build.0 = Debug|Any CPU
		{1B6CEFAA-9B84-4838-8F5E-9733F1B5A260}.Release|Any CPU.ActiveCfg = Release|Any CPU
		{1B6CEFAA-9B84-4838-8F5E-9733F1B5A260}.Release|Any CPU.Build.0 = Release|Any CPU
		{03733757-9077-4F83-8941-F145C95123D7}.Debug|Any CPU.ActiveCfg = Debug|Any CPU
		{03733757-9077-4F83-8941-F145C95123D7}.Debug|Any CPU.Build.0 = Debug|Any CPU
		{03733757-9077-4F83-8941-F145C95123D7}.Release|Any CPU.ActiveCfg = Release|Any CPU
		{03733757-9077-4F83-8941-F145C95123D7}.Release|Any CPU.Build.0 = Release|Any CPU
		{FB31E6AC-E4EB-4B06-A860-99F4B8102A08}.Debug|Any CPU.ActiveCfg = Debug|Any CPU
		{FB31E6AC-E4EB-4B06-A860-99F4B8102A08}.Debug|Any CPU.Build.0 = Debug|Any CPU
		{FB31E6AC-E4EB-4B06-A860-99F4B8102A08}.Release|Any CPU.ActiveCfg = Release|Any CPU
		{FB31E6AC-E4EB-4B06-A860-99F4B8102A08}.Release|Any CPU.Build.0 = Release|Any CPU
		{99995783-EB5E-48CC-AA60-255905C8BD6A}.Debug|Any CPU.ActiveCfg = Debug|Any CPU
		{99995783-EB5E-48CC-AA60-255905C8BD6A}.Debug|Any CPU.Build.0 = Debug|Any CPU
		{99995783-EB5E-48CC-AA60-255905C8BD6A}.Release|Any CPU.ActiveCfg = Release|Any CPU
		{99995783-EB5E-48CC-AA60-255905C8BD6A}.Release|Any CPU.Build.0 = Release|Any CPU
		{42F37CC3-3C28-493B-9517-83EF00C8C5F2}.Debug|Any CPU.ActiveCfg = Debug|Any CPU
		{42F37CC3-3C28-493B-9517-83EF00C8C5F2}.Debug|Any CPU.Build.0 = Debug|Any CPU
		{42F37CC3-3C28-493B-9517-83EF00C8C5F2}.Release|Any CPU.ActiveCfg = Release|Any CPU
		{42F37CC3-3C28-493B-9517-83EF00C8C5F2}.Release|Any CPU.Build.0 = Release|Any CPU
		{08614490-769B-4703-B2E9-641EB5D1FFF4}.Debug|Any CPU.ActiveCfg = Debug|Any CPU
		{08614490-769B-4703-B2E9-641EB5D1FFF4}.Debug|Any CPU.Build.0 = Debug|Any CPU
		{08614490-769B-4703-B2E9-641EB5D1FFF4}.Release|Any CPU.ActiveCfg = Release|Any CPU
		{08614490-769B-4703-B2E9-641EB5D1FFF4}.Release|Any CPU.Build.0 = Release|Any CPU
		{1F2BDF93-8978-47EF-A217-6086C34FCA02}.Debug|Any CPU.ActiveCfg = Debug|Any CPU
		{1F2BDF93-8978-47EF-A217-6086C34FCA02}.Debug|Any CPU.Build.0 = Debug|Any CPU
		{1F2BDF93-8978-47EF-A217-6086C34FCA02}.Release|Any CPU.ActiveCfg = Release|Any CPU
		{1F2BDF93-8978-47EF-A217-6086C34FCA02}.Release|Any CPU.Build.0 = Release|Any CPU
		{064FB9CE-683B-4BDB-AB85-CE7B9B55EFAE}.Debug|Any CPU.ActiveCfg = Debug|Any CPU
		{064FB9CE-683B-4BDB-AB85-CE7B9B55EFAE}.Debug|Any CPU.Build.0 = Debug|Any CPU
		{064FB9CE-683B-4BDB-AB85-CE7B9B55EFAE}.Release|Any CPU.ActiveCfg = Release|Any CPU
		{064FB9CE-683B-4BDB-AB85-CE7B9B55EFAE}.Release|Any CPU.Build.0 = Release|Any CPU
		{5DF27A6C-2466-4BAA-B379-90D3D60AD5BA}.Debug|Any CPU.ActiveCfg = Debug|Any CPU
		{5DF27A6C-2466-4BAA-B379-90D3D60AD5BA}.Debug|Any CPU.Build.0 = Debug|Any CPU
		{5DF27A6C-2466-4BAA-B379-90D3D60AD5BA}.Release|Any CPU.ActiveCfg = Release|Any CPU
		{5DF27A6C-2466-4BAA-B379-90D3D60AD5BA}.Release|Any CPU.Build.0 = Release|Any CPU
		{E2D4AE9F-521D-4D6D-8C95-FDA6C1CACB40}.Debug|Any CPU.ActiveCfg = Debug|Any CPU
		{E2D4AE9F-521D-4D6D-8C95-FDA6C1CACB40}.Debug|Any CPU.Build.0 = Debug|Any CPU
		{E2D4AE9F-521D-4D6D-8C95-FDA6C1CACB40}.Release|Any CPU.ActiveCfg = Release|Any CPU
		{E2D4AE9F-521D-4D6D-8C95-FDA6C1CACB40}.Release|Any CPU.Build.0 = Release|Any CPU
		{B613FE76-E57D-4C45-874C-23F3FCAD23A4}.Debug|Any CPU.ActiveCfg = Debug|Any CPU
		{B613FE76-E57D-4C45-874C-23F3FCAD23A4}.Debug|Any CPU.Build.0 = Debug|Any CPU
		{B613FE76-E57D-4C45-874C-23F3FCAD23A4}.Release|Any CPU.ActiveCfg = Release|Any CPU
		{B613FE76-E57D-4C45-874C-23F3FCAD23A4}.Release|Any CPU.Build.0 = Release|Any CPU
		{FAF28808-698C-481D-82E6-F38F7E8810E0}.Debug|Any CPU.ActiveCfg = Debug|Any CPU
		{FAF28808-698C-481D-82E6-F38F7E8810E0}.Debug|Any CPU.Build.0 = Debug|Any CPU
		{FAF28808-698C-481D-82E6-F38F7E8810E0}.Release|Any CPU.ActiveCfg = Release|Any CPU
		{FAF28808-698C-481D-82E6-F38F7E8810E0}.Release|Any CPU.Build.0 = Release|Any CPU
	EndGlobalSection
	GlobalSection(SolutionProperties) = preSolution
		HideSolutionNode = FALSE
	EndGlobalSection
	GlobalSection(NestedProjects) = preSolution
		{9E12553B-D554-4EED-B29C-716632A52CAF} = {15E8072A-FAF5-4BF3-9E89-E8B0232C5EB5}
		{9D1687B7-ACCB-48BA-9662-ED1095FBEE84} = {15E8072A-FAF5-4BF3-9E89-E8B0232C5EB5}
		{FA146BF5-979A-4D43-905F-C36050A8B3A2} = {15E8072A-FAF5-4BF3-9E89-E8B0232C5EB5}
		{8094A7AF-34D5-4C49-BB03-8B98F796C861} = {15E8072A-FAF5-4BF3-9E89-E8B0232C5EB5}
		{0533F605-E855-48B2-B428-C3872CB0D4AA} = {15E8072A-FAF5-4BF3-9E89-E8B0232C5EB5}
		{42D1E973-63DF-4987-B7A3-055C5D749728} = {15E8072A-FAF5-4BF3-9E89-E8B0232C5EB5}
		{038BDB90-C6B2-4D6F-B0B9-820E49C17067} = {367F3755-7DE5-4A6A-B91C-D5AB0DA3F277}
		{FB31E6AC-E4EB-4B06-A860-99F4B8102A08} = {367F3755-7DE5-4A6A-B91C-D5AB0DA3F277}
		{99995783-EB5E-48CC-AA60-255905C8BD6A} = {367F3755-7DE5-4A6A-B91C-D5AB0DA3F277}
		{42F37CC3-3C28-493B-9517-83EF00C8C5F2} = {367F3755-7DE5-4A6A-B91C-D5AB0DA3F277}
		{F6BCFF98-A714-4B7B-978F-23D812D1744A} = {97AF3435-5375-44D5-84C6-3C0F5C0CEA6C}
		{5F9B5530-F150-4BF0-9D07-0AD8A4C6EF7D} = {97AF3435-5375-44D5-84C6-3C0F5C0CEA6C}
		{73FBE0BF-9DB9-498E-8AEF-68210104D0C1} = {97AF3435-5375-44D5-84C6-3C0F5C0CEA6C}
		{5DF27A6C-2466-4BAA-B379-90D3D60AD5BA} = {97AF3435-5375-44D5-84C6-3C0F5C0CEA6C}
		{3492A5CB-8CB5-46FF-B307-FB6B85D594B1} = {6664C7F5-CB08-4188-B87F-467302D0E5FD}
		{618C60FF-6322-471B-AED4-E4CBA3C3B216} = {6664C7F5-CB08-4188-B87F-467302D0E5FD}
		{66969B4B-9212-4E91-8C3A-FF07C8C7AF58} = {6664C7F5-CB08-4188-B87F-467302D0E5FD}
		{280046D5-06A2-4DEA-90E3-9201BA7BC021} = {6664C7F5-CB08-4188-B87F-467302D0E5FD}
		{03733757-9077-4F83-8941-F145C95123D7} = {6664C7F5-CB08-4188-B87F-467302D0E5FD}
		{08614490-769B-4703-B2E9-641EB5D1FFF4} = {6664C7F5-CB08-4188-B87F-467302D0E5FD}
		{064FB9CE-683B-4BDB-AB85-CE7B9B55EFAE} = {6664C7F5-CB08-4188-B87F-467302D0E5FD}
		{E2D4AE9F-521D-4D6D-8C95-FDA6C1CACB40} = {6664C7F5-CB08-4188-B87F-467302D0E5FD}
		{FAF28808-698C-481D-82E6-F38F7E8810E0} = {6664C7F5-CB08-4188-B87F-467302D0E5FD}
		{10020C50-0F7D-4EB5-B894-102E53FC61CE} = {0F317BD8-7E96-437D-8F26-971BBEAFFE4C}
		{F938D48C-FDF4-4B16-87A9-60D8FCEBCE72} = {0F317BD8-7E96-437D-8F26-971BBEAFFE4C}
		{EF9ADBDE-08CD-48AA-A835-4935CDB26C27} = {3A387EE4-955B-4D60-B8BD-A5CCE15D1725}
		{B3E73806-D11B-4C40-8ED9-A326A2B7E507} = {3A387EE4-955B-4D60-B8BD-A5CCE15D1725}
		{1B6CEFAA-9B84-4838-8F5E-9733F1B5A260} = {4B57E0C4-039A-49C4-9DDE-FDAEEBD56C06}
		{1F2BDF93-8978-47EF-A217-6086C34FCA02} = {4B57E0C4-039A-49C4-9DDE-FDAEEBD56C06}
		{B613FE76-E57D-4C45-874C-23F3FCAD23A4} = {4B57E0C4-039A-49C4-9DDE-FDAEEBD56C06}
	EndGlobalSection
EndGlobal
